
Microsoft Visual Studio Solution File, Format Version 12.00
# Visual Studio Version 16
VisualStudioVersion = 16.0.31220.234
MinimumVisualStudioVersion = 10.0.40219.1
Project("{8BC9CEB8-8B4A-11D0-8D11-00A0C91BC942}") = "main", "main\main.vcxproj", "{15450F96-B361-41DD-8625-95BA69546D5C}"
	ProjectSection(ProjectDependencies) = postProject
		{278336F7-1CA9-4323-96D8-820E092C8DE8} = {278336F7-1CA9-4323-96D8-820E092C8DE8}
	EndProjectSection
EndProject
Project("{8BC9CEB8-8B4A-11D0-8D11-00A0C91BC942}") = "common", "common\common.vcxproj", "{278336F7-1CA9-4323-96D8-820E092C8DE8}"
EndProject
Project("{8BC9CEB8-8B4A-11D0-8D11-00A0C91BC942}") = "particles", "particles\particles.vcxproj", "{E72C60D1-5ADB-493E-A665-32CFF2DCC6CA}"
	ProjectSection(ProjectDependencies) = postProject
		{15450F96-B361-41DD-8625-95BA69546D5C} = {15450F96-B361-41DD-8625-95BA69546D5C}
		{278336F7-1CA9-4323-96D8-820E092C8DE8} = {278336F7-1CA9-4323-96D8-820E092C8DE8}
	EndProjectSection
EndProject
Global
	GlobalSection(SolutionConfigurationPlatforms) = preSolution
		Debug|x64 = Debug|x64
		Debug|x86 = Debug|x86
		Release|x64 = Release|x64
		Release|x86 = Release|x86
	EndGlobalSection
	GlobalSection(ProjectConfigurationPlatforms) = postSolution
		{15450F96-B361-41DD-8625-95BA69546D5C}.Debug|x64.ActiveCfg = Debug|x64
		{15450F96-B361-41DD-8625-95BA69546D5C}.Debug|x64.Build.0 = Debug|x64
		{15450F96-B361-41DD-8625-95BA69546D5C}.Debug|x86.ActiveCfg = Debug|Win32
		{15450F96-B361-41DD-8625-95BA69546D5C}.Debug|x86.Build.0 = Debug|Win32
		{15450F96-B361-41DD-8625-95BA69546D5C}.Release|x64.ActiveCfg = Release|x64
		{15450F96-B361-41DD-8625-95BA69546D5C}.Release|x64.Build.0 = Release|x64
		{15450F96-B361-41DD-8625-95BA69546D5C}.Release|x86.ActiveCfg = Release|Win32
		{15450F96-B361-41DD-8625-95BA69546D5C}.Release|x86.Build.0 = Release|Win32
		{278336F7-1CA9-4323-96D8-820E092C8DE8}.Debug|x64.ActiveCfg = Debug|x64
		{278336F7-1CA9-4323-96D8-820E092C8DE8}.Debug|x64.Build.0 = Debug|x64
		{278336F7-1CA9-4323-96D8-820E092C8DE8}.Debug|x86.ActiveCfg = Debug|Win32
		{278336F7-1CA9-4323-96D8-820E092C8DE8}.Debug|x86.Build.0 = Debug|Win32
		{278336F7-1CA9-4323-96D8-820E092C8DE8}.Release|x64.ActiveCfg = Release|x64
		{278336F7-1CA9-4323-96D8-820E092C8DE8}.Release|x64.Build.0 = Release|x64
		{278336F7-1CA9-4323-96D8-820E092C8DE8}.Release|x86.ActiveCfg = Release|Win32
		{278336F7-1CA9-4323-96D8-820E092C8DE8}.Release|x86.Build.0 = Release|Win32
		{E72C60D1-5ADB-493E-A665-32CFF2DCC6CA}.Debug|x64.ActiveCfg = Debug|x64
		{E72C60D1-5ADB-493E-A665-32CFF2DCC6CA}.Debug|x64.Build.0 = Debug|x64
		{E72C60D1-5ADB-493E-A665-32CFF2DCC6CA}.Debug|x86.ActiveCfg = Debug|Win32
		{E72C60D1-5ADB-493E-A665-32CFF2DCC6CA}.Debug|x86.Build.0 = Debug|Win32
		{E72C60D1-5ADB-493E-A665-32CFF2DCC6CA}.Release|x64.ActiveCfg = Release|x64
		{E72C60D1-5ADB-493E-A665-32CFF2DCC6CA}.Release|x64.Build.0 = Release|x64
		{E72C60D1-5ADB-493E-A665-32CFF2DCC6CA}.Release|x86.ActiveCfg = Release|Win32
		{E72C60D1-5ADB-493E-A665-32CFF2DCC6CA}.Release|x86.Build.0 = Release|Win32
	EndGlobalSection
	GlobalSection(SolutionProperties) = preSolution
		HideSolutionNode = FALSE
	EndGlobalSection
	GlobalSection(ExtensibilityGlobals) = postSolution
		SolutionGuid = {4958FC8E-D803-4063-93E4-D5AB837E901A}
	EndGlobalSection
EndGlobal
